
Microsoft Visual Studio Solution File, Format Version 12.00
# Visual Studio Version 16
VisualStudioVersion = 16.0.28902.138
MinimumVisualStudioVersion = 10.0.40219.1
Project("{FAE04EC0-301F-11D3-BF4B-00C04F79EFBC}") = "SoMeta.Fody", "SoMeta.Fody\SoMeta.Fody.csproj", "{A30979D6-FBBF-4C2D-8DCD-599E0C337891}"
EndProject
Project("{9A19103F-16F7-4668-BE54-9A1E7A4F7556}") = "SoMeta.Helpers", "SoMeta.Helpers\SoMeta.Helpers.csproj", "{978A2172-F601-4A0E-9D7F-C14B4F8C422C}"
EndProject
Project("{FAE04EC0-301F-11D3-BF4B-00C04F79EFBC}") = "SoMeta.Fody.Tests", "SoMeta.Fody.Tests\SoMeta.Fody.Tests.csproj", "{441B37E7-5787-432A-ADCA-19A127CD39FA}"
EndProject
Global
	GlobalSection(SolutionConfigurationPlatforms) = preSolution
		Debug|Any CPU = Debug|Any CPU
		Release|Any CPU = Release|Any CPU
	EndGlobalSection
	GlobalSection(ProjectConfigurationPlatforms) = postSolution
		{A30979D6-FBBF-4C2D-8DCD-599E0C337891}.Debug|Any CPU.ActiveCfg = Debug|Any CPU
		{A30979D6-FBBF-4C2D-8DCD-599E0C337891}.Debug|Any CPU.Build.0 = Debug|Any CPU
		{A30979D6-FBBF-4C2D-8DCD-599E0C337891}.Release|Any CPU.ActiveCfg = Release|Any CPU
		{A30979D6-FBBF-4C2D-8DCD-599E0C337891}.Release|Any CPU.Build.0 = Release|Any CPU
		{978A2172-F601-4A0E-9D7F-C14B4F8C422C}.Debug|Any CPU.ActiveCfg = Debug|Any CPU
		{978A2172-F601-4A0E-9D7F-C14B4F8C422C}.Debug|Any CPU.Build.0 = Debug|Any CPU
		{978A2172-F601-4A0E-9D7F-C14B4F8C422C}.Release|Any CPU.ActiveCfg = Release|Any CPU
		{978A2172-F601-4A0E-9D7F-C14B4F8C422C}.Release|Any CPU.Build.0 = Release|Any CPU
		{441B37E7-5787-432A-ADCA-19A127CD39FA}.Debug|Any CPU.ActiveCfg = Debug|Any CPU
		{441B37E7-5787-432A-ADCA-19A127CD39FA}.Debug|Any CPU.Build.0 = Debug|Any CPU
		{441B37E7-5787-432A-ADCA-19A127CD39FA}.Release|Any CPU.ActiveCfg = Release|Any CPU
		{441B37E7-5787-432A-ADCA-19A127CD39FA}.Release|Any CPU.Build.0 = Release|Any CPU
	EndGlobalSection
	GlobalSection(SolutionProperties) = preSolution
		HideSolutionNode = FALSE
	EndGlobalSection
	GlobalSection(ExtensibilityGlobals) = postSolution
		SolutionGuid = {99805292-E195-4912-B8ED-AF5400AAB1C1}
	EndGlobalSection
EndGlobal
